
Microsoft Visual Studio Solution File, Format Version 12.00
# Visual Studio Version 17
VisualStudioVersion = 17.9.34728.123
MinimumVisualStudioVersion = 10.0.40219.1
Project("{FAE04EC0-301F-11D3-BF4B-00C04F79EFBC}") = "TaskMan.API", "TaskMan.API\TaskMan.API.csproj", "{21A1B42C-2B23-46EC-8A73-04BA9C47A4A7}"
EndProject
Project("{FAE04EC0-301F-11D3-BF4B-00C04F79EFBC}") = "TaskMan.BusinessLogic", "TaskMan.BusinessLogic\TaskMan.BusinessLogic.csproj", "{AD3C6562-A40B-4AB1-8346-2BB2D9BFB957}"
EndProject
Project("{FAE04EC0-301F-11D3-BF4B-00C04F79EFBC}") = "TaskMan.DataAccess", "TaskMan.DataAccess\TaskMan.DataAccess.csproj", "{BA1B3F9E-472D-40FD-9F9E-F23F6AAA2F2B}"
EndProject
Project("{FAE04EC0-301F-11D3-BF4B-00C04F79EFBC}") = "TaskMan.BusinessObjects", "TaskMan.BusinessObjects\TaskMan.BusinessObjects.csproj", "{0B712673-4281-43FE-B641-E66EDB907F29}"
EndProject
Project("{FAE04EC0-301F-11D3-BF4B-00C04F79EFBC}") = "TaskMan.ViewModels", "TaskMan.ViewModels\TaskMan.ViewModels.csproj", "{8113F013-A030-4F2D-B7DB-A6ABF72B01F6}"
EndProject
Global
	GlobalSection(SolutionConfigurationPlatforms) = preSolution
		Debug|Any CPU = Debug|Any CPU
		Release|Any CPU = Release|Any CPU
	EndGlobalSection
	GlobalSection(ProjectConfigurationPlatforms) = postSolution
		{21A1B42C-2B23-46EC-8A73-04BA9C47A4A7}.Debug|Any CPU.ActiveCfg = Debug|Any CPU
		{21A1B42C-2B23-46EC-8A73-04BA9C47A4A7}.Debug|Any CPU.Build.0 = Debug|Any CPU
		{21A1B42C-2B23-46EC-8A73-04BA9C47A4A7}.Release|Any CPU.ActiveCfg = Release|Any CPU
		{21A1B42C-2B23-46EC-8A73-04BA9C47A4A7}.Release|Any CPU.Build.0 = Release|Any CPU
		{AD3C6562-A40B-4AB1-8346-2BB2D9BFB957}.Debug|Any CPU.ActiveCfg = Debug|Any CPU
		{AD3C6562-A40B-4AB1-8346-2BB2D9BFB957}.Debug|Any CPU.Build.0 = Debug|Any CPU
		{AD3C6562-A40B-4AB1-8346-2BB2D9BFB957}.Release|Any CPU.ActiveCfg = Release|Any CPU
		{AD3C6562-A40B-4AB1-8346-2BB2D9BFB957}.Release|Any CPU.Build.0 = Release|Any CPU
		{BA1B3F9E-472D-40FD-9F9E-F23F6AAA2F2B}.Debug|Any CPU.ActiveCfg = Debug|Any CPU
		{BA1B3F9E-472D-40FD-9F9E-F23F6AAA2F2B}.Debug|Any CPU.Build.0 = Debug|Any CPU
		{BA1B3F9E-472D-40FD-9F9E-F23F6AAA2F2B}.Release|Any CPU.ActiveCfg = Release|Any CPU
		{BA1B3F9E-472D-40FD-9F9E-F23F6AAA2F2B}.Release|Any CPU.Build.0 = Release|Any CPU
		{0B712673-4281-43FE-B641-E66EDB907F29}.Debug|Any CPU.ActiveCfg = Debug|Any CPU
		{0B712673-4281-43FE-B641-E66EDB907F29}.Debug|Any CPU.Build.0 = Debug|Any CPU
		{0B712673-4281-43FE-B641-E66EDB907F29}.Release|Any CPU.ActiveCfg = Release|Any CPU
		{0B712673-4281-43FE-B641-E66EDB907F29}.Release|Any CPU.Build.0 = Release|Any CPU
		{8113F013-A030-4F2D-B7DB-A6ABF72B01F6}.Debug|Any CPU.ActiveCfg = Debug|Any CPU
		{8113F013-A030-4F2D-B7DB-A6ABF72B01F6}.Debug|Any CPU.Build.0 = Debug|Any CPU
		{8113F013-A030-4F2D-B7DB-A6ABF72B01F6}.Release|Any CPU.ActiveCfg = Release|Any CPU
		{8113F013-A030-4F2D-B7DB-A6ABF72B01F6}.Release|Any CPU.Build.0 = Release|Any CPU
	EndGlobalSection
	GlobalSection(SolutionProperties) = preSolution
		HideSolutionNode = FALSE
	EndGlobalSection
	GlobalSection(ExtensibilityGlobals) = postSolution
		SolutionGuid = {5439C0ED-FA42-4CD5-A750-37FBC0B452BA}
	EndGlobalSection
EndGlobal
